
Microsoft Visual Studio Solution File, Format Version 12.00
# Visual Studio Version 17
VisualStudioVersion = 17.4.33110.190
MinimumVisualStudioVersion = 10.0.40219.1
Project("{FAE04EC0-301F-11D3-BF4B-00C04F79EFBC}") = "tugasuas", "tugasuas\tugasuas.csproj", "{2939D90D-B33E-48AE-B32B-2621C1C0A892}"
EndProject
Global
	GlobalSection(SolutionConfigurationPlatforms) = preSolution
		Debug|Any CPU = Debug|Any CPU
		Release|Any CPU = Release|Any CPU
	EndGlobalSection
	GlobalSection(ProjectConfigurationPlatforms) = postSolution
		{2939D90D-B33E-48AE-B32B-2621C1C0A892}.Debug|Any CPU.ActiveCfg = Debug|Any CPU
		{2939D90D-B33E-48AE-B32B-2621C1C0A892}.Debug|Any CPU.Build.0 = Debug|Any CPU
		{2939D90D-B33E-48AE-B32B-2621C1C0A892}.Release|Any CPU.ActiveCfg = Release|Any CPU
		{2939D90D-B33E-48AE-B32B-2621C1C0A892}.Release|Any CPU.Build.0 = Release|Any CPU
	EndGlobalSection
	GlobalSection(SolutionProperties) = preSolution
		HideSolutionNode = FALSE
	EndGlobalSection
	GlobalSection(ExtensibilityGlobals) = postSolution
		SolutionGuid = {E9E9AFA8-9724-4086-8721-0F0B3BD5A3A8}
	EndGlobalSection
EndGlobal
